
Microsoft Visual Studio Solution File, Format Version 12.00
# Visual Studio Version 17
VisualStudioVersion = 17.13.35931.197
MinimumVisualStudioVersion = 10.0.40219.1
Project("{FAE04EC0-301F-11D3-BF4B-00C04F79EFBC}") = "OpenCashFlow.API", "src\OpenCashFlow.API\OpenCashFlow.API.csproj", "{F77C6DA6-3895-4625-86C5-05B6C4560685}"
EndProject
Project("{FAE04EC0-301F-11D3-BF4B-00C04F79EFBC}") = "OpenCashFlow.Test", "tests\OpenCashFlow.Test\OpenCashFlow.Test.csproj", "{5423D44D-9DC2-4C9F-97B9-CDF94BC45F2A}"
EndProject
Project("{2150E333-8FDC-42A3-9474-1A3956D46DE8}") = "src", "src", "{165EE37F-DFDD-4A81-8772-333E2E004B84}"
EndProject
Project("{2150E333-8FDC-42A3-9474-1A3956D46DE8}") = "tests", "tests", "{9BE36780-75DB-4BFE-BCA3-1799549F4556}"
EndProject
Project("{FAE04EC0-301F-11D3-BF4B-00C04F79EFBC}") = "OpenCashFlow.WebApp", "src\OpenCashFlow.WebApp\OpenCashFlow.WebApp.csproj", "{3049FEC3-3C66-4529-AAF6-8238FBEF19E7}"
EndProject
Project("{FAE04EC0-301F-11D3-BF4B-00C04F79EFBC}") = "OpenCashFlow.Application", "src\OpenCashFlow.Application\OpenCashFlow.Application.csproj", "{BAC4C763-0F44-437D-AB66-1498E397EE87}"
EndProject
Project("{FAE04EC0-301F-11D3-BF4B-00C04F79EFBC}") = "OpenCashFlow.Infrastructure", "src\OpenCashFlow.Infrastructure\OpenCashFlow.Infrastructure.csproj", "{1500AA7F-A2E5-4C73-AFD4-71775A072229}"
EndProject
Project("{FAE04EC0-301F-11D3-BF4B-00C04F79EFBC}") = "OpenCashFlow.Domain", "src\OpenCashFlow.Domain\OpenCashFlow.Domain.csproj", "{88B67565-9066-4135-927F-3ACDEB26ABBF}"
EndProject
Project("{FAE04EC0-301F-11D3-BF4B-00C04F79EFBC}") = "OpenCashFlow.Domain.Tests", "tests\OpenCashFlow.Domain.Tests\OpenCashFlow.Domain.Tests.csproj", "{21D55372-03A9-4FDE-9165-7F659BFC7D32}"
EndProject
Project("{FAE04EC0-301F-11D3-BF4B-00C04F79EFBC}") = "OpenCashFlow.Application.Tests", "tests\OpenCashFlow.Application.Tests\OpenCashFlow.Application.Tests.csproj", "{CAF17142-CCB8-40C1-A765-3B94BFCCF347}"
EndProject
Project("{FAE04EC0-301F-11D3-BF4B-00C04F79EFBC}") = "OpenCashFlow.Contracts", "src\OpenCashFlow.Contracts\OpenCashFlow.Contracts.csproj", "{EE9F0C09-E4A8-4A66-916B-3857F4A14A38}"
EndProject
Global
	GlobalSection(SolutionConfigurationPlatforms) = preSolution
		Debug|Any CPU = Debug|Any CPU
		Debug|x64 = Debug|x64
		Debug|x86 = Debug|x86
		Release|Any CPU = Release|Any CPU
		Release|x64 = Release|x64
		Release|x86 = Release|x86
	EndGlobalSection
	GlobalSection(ProjectConfigurationPlatforms) = postSolution
		{F77C6DA6-3895-4625-86C5-05B6C4560685}.Debug|Any CPU.ActiveCfg = Debug|Any CPU
		{F77C6DA6-3895-4625-86C5-05B6C4560685}.Debug|Any CPU.Build.0 = Debug|Any CPU
		{F77C6DA6-3895-4625-86C5-05B6C4560685}.Debug|x64.ActiveCfg = Debug|Any CPU
		{F77C6DA6-3895-4625-86C5-05B6C4560685}.Debug|x64.Build.0 = Debug|Any CPU
		{F77C6DA6-3895-4625-86C5-05B6C4560685}.Debug|x86.ActiveCfg = Debug|Any CPU
		{F77C6DA6-3895-4625-86C5-05B6C4560685}.Debug|x86.Build.0 = Debug|Any CPU
		{F77C6DA6-3895-4625-86C5-05B6C4560685}.Release|Any CPU.ActiveCfg = Release|Any CPU
		{F77C6DA6-3895-4625-86C5-05B6C4560685}.Release|Any CPU.Build.0 = Release|Any CPU
		{F77C6DA6-3895-4625-86C5-05B6C4560685}.Release|x64.ActiveCfg = Release|Any CPU
		{F77C6DA6-3895-4625-86C5-05B6C4560685}.Release|x64.Build.0 = Release|Any CPU
		{F77C6DA6-3895-4625-86C5-05B6C4560685}.Release|x86.ActiveCfg = Release|Any CPU
		{F77C6DA6-3895-4625-86C5-05B6C4560685}.Release|x86.Build.0 = Release|Any CPU
		{5423D44D-9DC2-4C9F-97B9-CDF94BC45F2A}.Debug|Any CPU.ActiveCfg = Debug|Any CPU
		{5423D44D-9DC2-4C9F-97B9-CDF94BC45F2A}.Debug|Any CPU.Build.0 = Debug|Any CPU
		{5423D44D-9DC2-4C9F-97B9-CDF94BC45F2A}.Debug|x64.ActiveCfg = Debug|Any CPU
		{5423D44D-9DC2-4C9F-97B9-CDF94BC45F2A}.Debug|x64.Build.0 = Debug|Any CPU
		{5423D44D-9DC2-4C9F-97B9-CDF94BC45F2A}.Debug|x86.ActiveCfg = Debug|Any CPU
		{5423D44D-9DC2-4C9F-97B9-CDF94BC45F2A}.Debug|x86.Build.0 = Debug|Any CPU
		{5423D44D-9DC2-4C9F-97B9-CDF94BC45F2A}.Release|Any CPU.ActiveCfg = Release|Any CPU
		{5423D44D-9DC2-4C9F-97B9-CDF94BC45F2A}.Release|Any CPU.Build.0 = Release|Any CPU
		{5423D44D-9DC2-4C9F-97B9-CDF94BC45F2A}.Release|x64.ActiveCfg = Release|Any CPU
		{5423D44D-9DC2-4C9F-97B9-CDF94BC45F2A}.Release|x64.Build.0 = Release|Any CPU
		{5423D44D-9DC2-4C9F-97B9-CDF94BC45F2A}.Release|x86.ActiveCfg = Release|Any CPU
		{5423D44D-9DC2-4C9F-97B9-CDF94BC45F2A}.Release|x86.Build.0 = Release|Any CPU
		{3049FEC3-3C66-4529-AAF6-8238FBEF19E7}.Debug|Any CPU.ActiveCfg = Debug|Any CPU
		{3049FEC3-3C66-4529-AAF6-8238FBEF19E7}.Debug|Any CPU.Build.0 = Debug|Any CPU
		{3049FEC3-3C66-4529-AAF6-8238FBEF19E7}.Debug|x64.ActiveCfg = Debug|Any CPU
		{3049FEC3-3C66-4529-AAF6-8238FBEF19E7}.Debug|x64.Build.0 = Debug|Any CPU
		{3049FEC3-3C66-4529-AAF6-8238FBEF19E7}.Debug|x86.ActiveCfg = Debug|Any CPU
		{3049FEC3-3C66-4529-AAF6-8238FBEF19E7}.Debug|x86.Build.0 = Debug|Any CPU
		{3049FEC3-3C66-4529-AAF6-8238FBEF19E7}.Release|Any CPU.ActiveCfg = Release|Any CPU
		{3049FEC3-3C66-4529-AAF6-8238FBEF19E7}.Release|Any CPU.Build.0 = Release|Any CPU
		{3049FEC3-3C66-4529-AAF6-8238FBEF19E7}.Release|x64.ActiveCfg = Release|Any CPU
		{3049FEC3-3C66-4529-AAF6-8238FBEF19E7}.Release|x64.Build.0 = Release|Any CPU
		{3049FEC3-3C66-4529-AAF6-8238FBEF19E7}.Release|x86.ActiveCfg = Release|Any CPU
		{3049FEC3-3C66-4529-AAF6-8238FBEF19E7}.Release|x86.Build.0 = Release|Any CPU
		{BAC4C763-0F44-437D-AB66-1498E397EE87}.Debug|Any CPU.ActiveCfg = Debug|Any CPU
		{BAC4C763-0F44-437D-AB66-1498E397EE87}.Debug|Any CPU.Build.0 = Debug|Any CPU
		{BAC4C763-0F44-437D-AB66-1498E397EE87}.Debug|x64.ActiveCfg = Debug|Any CPU
		{BAC4C763-0F44-437D-AB66-1498E397EE87}.Debug|x64.Build.0 = Debug|Any CPU
		{BAC4C763-0F44-437D-AB66-1498E397EE87}.Debug|x86.ActiveCfg = Debug|Any CPU
		{BAC4C763-0F44-437D-AB66-1498E397EE87}.Debug|x86.Build.0 = Debug|Any CPU
		{BAC4C763-0F44-437D-AB66-1498E397EE87}.Release|Any CPU.ActiveCfg = Release|Any CPU
		{BAC4C763-0F44-437D-AB66-1498E397EE87}.Release|Any CPU.Build.0 = Release|Any CPU
		{BAC4C763-0F44-437D-AB66-1498E397EE87}.Release|x64.ActiveCfg = Release|Any CPU
		{BAC4C763-0F44-437D-AB66-1498E397EE87}.Release|x64.Build.0 = Release|Any CPU
		{BAC4C763-0F44-437D-AB66-1498E397EE87}.Release|x86.ActiveCfg = Release|Any CPU
		{BAC4C763-0F44-437D-AB66-1498E397EE87}.Release|x86.Build.0 = Release|Any CPU
		{1500AA7F-A2E5-4C73-AFD4-71775A072229}.Debug|Any CPU.ActiveCfg = Debug|Any CPU
		{1500AA7F-A2E5-4C73-AFD4-71775A072229}.Debug|Any CPU.Build.0 = Debug|Any CPU
		{1500AA7F-A2E5-4C73-AFD4-71775A072229}.Debug|x64.ActiveCfg = Debug|Any CPU
		{1500AA7F-A2E5-4C73-AFD4-71775A072229}.Debug|x64.Build.0 = Debug|Any CPU
		{1500AA7F-A2E5-4C73-AFD4-71775A072229}.Debug|x86.ActiveCfg = Debug|Any CPU
		{1500AA7F-A2E5-4C73-AFD4-71775A072229}.Debug|x86.Build.0 = Debug|Any CPU
		{1500AA7F-A2E5-4C73-AFD4-71775A072229}.Release|Any CPU.ActiveCfg = Release|Any CPU
		{1500AA7F-A2E5-4C73-AFD4-71775A072229}.Release|Any CPU.Build.0 = Release|Any CPU
		{1500AA7F-A2E5-4C73-AFD4-71775A072229}.Release|x64.ActiveCfg = Release|Any CPU
		{1500AA7F-A2E5-4C73-AFD4-71775A072229}.Release|x64.Build.0 = Release|Any CPU
		{1500AA7F-A2E5-4C73-AFD4-71775A072229}.Release|x86.ActiveCfg = Release|Any CPU
		{1500AA7F-A2E5-4C73-AFD4-71775A072229}.Release|x86.Build.0 = Release|Any CPU
		{88B67565-9066-4135-927F-3ACDEB26ABBF}.Debug|Any CPU.ActiveCfg = Debug|Any CPU
		{88B67565-9066-4135-927F-3ACDEB26ABBF}.Debug|Any CPU.Build.0 = Debug|Any CPU
		{88B67565-9066-4135-927F-3ACDEB26ABBF}.Debug|x64.ActiveCfg = Debug|Any CPU
		{88B67565-9066-4135-927F-3ACDEB26ABBF}.Debug|x64.Build.0 = Debug|Any CPU
		{88B67565-9066-4135-927F-3ACDEB26ABBF}.Debug|x86.ActiveCfg = Debug|Any CPU
		{88B67565-9066-4135-927F-3ACDEB26ABBF}.Debug|x86.Build.0 = Debug|Any CPU
		{88B67565-9066-4135-927F-3ACDEB26ABBF}.Release|Any CPU.ActiveCfg = Release|Any CPU
		{88B67565-9066-4135-927F-3ACDEB26ABBF}.Release|Any CPU.Build.0 = Release|Any CPU
		{88B67565-9066-4135-927F-3ACDEB26ABBF}.Release|x64.ActiveCfg = Release|Any CPU
		{88B67565-9066-4135-927F-3ACDEB26ABBF}.Release|x64.Build.0 = Release|Any CPU
		{88B67565-9066-4135-927F-3ACDEB26ABBF}.Release|x86.ActiveCfg = Release|Any CPU
		{88B67565-9066-4135-927F-3ACDEB26ABBF}.Release|x86.Build.0 = Release|Any CPU
		{21D55372-03A9-4FDE-9165-7F659BFC7D32}.Debug|Any CPU.ActiveCfg = Debug|Any CPU
		{21D55372-03A9-4FDE-9165-7F659BFC7D32}.Debug|Any CPU.Build.0 = Debug|Any CPU
		{21D55372-03A9-4FDE-9165-7F659BFC7D32}.Debug|x64.ActiveCfg = Debug|Any CPU
		{21D55372-03A9-4FDE-9165-7F659BFC7D32}.Debug|x64.Build.0 = Debug|Any CPU
		{21D55372-03A9-4FDE-9165-7F659BFC7D32}.Debug|x86.ActiveCfg = Debug|Any CPU
		{21D55372-03A9-4FDE-9165-7F659BFC7D32}.Debug|x86.Build.0 = Debug|Any CPU
		{21D55372-03A9-4FDE-9165-7F659BFC7D32}.Release|Any CPU.ActiveCfg = Release|Any CPU
		{21D55372-03A9-4FDE-9165-7F659BFC7D32}.Release|Any CPU.Build.0 = Release|Any CPU
		{21D55372-03A9-4FDE-9165-7F659BFC7D32}.Release|x64.ActiveCfg = Release|Any CPU
		{21D55372-03A9-4FDE-9165-7F659BFC7D32}.Release|x64.Build.0 = Release|Any CPU
		{21D55372-03A9-4FDE-9165-7F659BFC7D32}.Release|x86.ActiveCfg = Release|Any CPU
		{21D55372-03A9-4FDE-9165-7F659BFC7D32}.Release|x86.Build.0 = Release|Any CPU
		{CAF17142-CCB8-40C1-A765-3B94BFCCF347}.Debug|Any CPU.ActiveCfg = Debug|Any CPU
		{CAF17142-CCB8-40C1-A765-3B94BFCCF347}.Debug|Any CPU.Build.0 = Debug|Any CPU
		{CAF17142-CCB8-40C1-A765-3B94BFCCF347}.Debug|x64.ActiveCfg = Debug|Any CPU
		{CAF17142-CCB8-40C1-A765-3B94BFCCF347}.Debug|x64.Build.0 = Debug|Any CPU
		{CAF17142-CCB8-40C1-A765-3B94BFCCF347}.Debug|x86.ActiveCfg = Debug|Any CPU
		{CAF17142-CCB8-40C1-A765-3B94BFCCF347}.Debug|x86.Build.0 = Debug|Any CPU
		{CAF17142-CCB8-40C1-A765-3B94BFCCF347}.Release|Any CPU.ActiveCfg = Release|Any CPU
		{CAF17142-CCB8-40C1-A765-3B94BFCCF347}.Release|Any CPU.Build.0 = Release|Any CPU
		{CAF17142-CCB8-40C1-A765-3B94BFCCF347}.Release|x64.ActiveCfg = Release|Any CPU
		{CAF17142-CCB8-40C1-A765-3B94BFCCF347}.Release|x64.Build.0 = Release|Any CPU
		{CAF17142-CCB8-40C1-A765-3B94BFCCF347}.Release|x86.ActiveCfg = Release|Any CPU
		{CAF17142-CCB8-40C1-A765-3B94BFCCF347}.Release|x86.Build.0 = Release|Any CPU
		{EE9F0C09-E4A8-4A66-916B-3857F4A14A38}.Debug|Any CPU.ActiveCfg = Debug|Any CPU
		{EE9F0C09-E4A8-4A66-916B-3857F4A14A38}.Debug|Any CPU.Build.0 = Debug|Any CPU
		{EE9F0C09-E4A8-4A66-916B-3857F4A14A38}.Debug|x64.ActiveCfg = Debug|Any CPU
		{EE9F0C09-E4A8-4A66-916B-3857F4A14A38}.Debug|x64.Build.0 = Debug|Any CPU
		{EE9F0C09-E4A8-4A66-916B-3857F4A14A38}.Debug|x86.ActiveCfg = Debug|Any CPU
		{EE9F0C09-E4A8-4A66-916B-3857F4A14A38}.Debug|x86.Build.0 = Debug|Any CPU
		{EE9F0C09-E4A8-4A66-916B-3857F4A14A38}.Release|Any CPU.ActiveCfg = Release|Any CPU
		{EE9F0C09-E4A8-4A66-916B-3857F4A14A38}.Release|Any CPU.Build.0 = Release|Any CPU
		{EE9F0C09-E4A8-4A66-916B-3857F4A14A38}.Release|x64.ActiveCfg = Release|Any CPU
		{EE9F0C09-E4A8-4A66-916B-3857F4A14A38}.Release|x64.Build.0 = Release|Any CPU
		{EE9F0C09-E4A8-4A66-916B-3857F4A14A38}.Release|x86.ActiveCfg = Release|Any CPU
		{EE9F0C09-E4A8-4A66-916B-3857F4A14A38}.Release|x86.Build.0 = Release|Any CPU
	EndGlobalSection
	GlobalSection(SolutionProperties) = preSolution
		HideSolutionNode = FALSE
	EndGlobalSection
	GlobalSection(NestedProjects) = preSolution
		{F77C6DA6-3895-4625-86C5-05B6C4560685} = {165EE37F-DFDD-4A81-8772-333E2E004B84}
		{5423D44D-9DC2-4C9F-97B9-CDF94BC45F2A} = {9BE36780-75DB-4BFE-BCA3-1799549F4556}
		{3049FEC3-3C66-4529-AAF6-8238FBEF19E7} = {165EE37F-DFDD-4A81-8772-333E2E004B84}
		{BAC4C763-0F44-437D-AB66-1498E397EE87} = {165EE37F-DFDD-4A81-8772-333E2E004B84}
		{1500AA7F-A2E5-4C73-AFD4-71775A072229} = {165EE37F-DFDD-4A81-8772-333E2E004B84}
		{88B67565-9066-4135-927F-3ACDEB26ABBF} = {165EE37F-DFDD-4A81-8772-333E2E004B84}
		{21D55372-03A9-4FDE-9165-7F659BFC7D32} = {9BE36780-75DB-4BFE-BCA3-1799549F4556}
		{CAF17142-CCB8-40C1-A765-3B94BFCCF347} = {9BE36780-75DB-4BFE-BCA3-1799549F4556}
		{EE9F0C09-E4A8-4A66-916B-3857F4A14A38} = {165EE37F-DFDD-4A81-8772-333E2E004B84}
	EndGlobalSection
	GlobalSection(ExtensibilityGlobals) = postSolution
		SolutionGuid = {96084FEB-7ED7-4016-933A-7C16D6B806C8}
	EndGlobalSection
EndGlobal
